
Microsoft Visual Studio Solution File, Format Version 12.00
# Visual Studio Version 16
VisualStudioVersion = 16.0.31515.178
MinimumVisualStudioVersion = 10.0.40219.1
Project("{FAE04EC0-301F-11D3-BF4B-00C04F79EFBC}") = "Assignment1", "Assignment1\Assignment1.csproj", "{31FBE9D9-6E4B-45A3-91C4-66D6400661BB}"
EndProject
Global
	GlobalSection(SolutionConfigurationPlatforms) = preSolution
		Debug|Any CPU = Debug|Any CPU
		Release|Any CPU = Release|Any CPU
	EndGlobalSection
	GlobalSection(ProjectConfigurationPlatforms) = postSolution
		{31FBE9D9-6E4B-45A3-91C4-66D6400661BB}.Debug|Any CPU.ActiveCfg = Debug|Any CPU
		{31FBE9D9-6E4B-45A3-91C4-66D6400661BB}.Debug|Any CPU.Build.0 = Debug|Any CPU
		{31FBE9D9-6E4B-45A3-91C4-66D6400661BB}.Release|Any CPU.ActiveCfg = Release|Any CPU
		{31FBE9D9-6E4B-45A3-91C4-66D6400661BB}.Release|Any CPU.Build.0 = Release|Any CPU
	EndGlobalSection
	GlobalSection(SolutionProperties) = preSolution
		HideSolutionNode = FALSE
	EndGlobalSection
	GlobalSection(ExtensibilityGlobals) = postSolution
		SolutionGuid = {EEBBB539-B056-44B7-8A08-6B91D2CC9C20}
	EndGlobalSection
EndGlobal
